
Microsoft Visual Studio Solution File, Format Version 12.00
# Visual Studio Version 17
VisualStudioVersion = 17.6.33815.320
MinimumVisualStudioVersion = 10.0.40219.1
Project("{FAE04EC0-301F-11D3-BF4B-00C04F79EFBC}") = "Employee351", "Employee351\Employee351.csproj", "{47AD53D9-8462-4977-A480-651BF54BD71B}"
EndProject
Project("{FAE04EC0-301F-11D3-BF4B-00C04F79EFBC}") = "Employee351.Common", "Employee351.Common\Employee351.Common.csproj", "{9BBABB81-E8DA-47C0-8721-1368CE728128}"
EndProject
Project("{FAE04EC0-301F-11D3-BF4B-00C04F79EFBC}") = "Employee351.Repository", "Employee351.Repository\Employee351.Repository.csproj", "{C46E8DD9-505A-4FA0-9157-912573479964}"
EndProject
Project("{FAE04EC0-301F-11D3-BF4B-00C04F79EFBC}") = "Employee351.Models", "Employee351.Models\Employee351.Models.csproj", "{E3795642-C953-4223-ADBD-86272CDCD8F5}"
EndProject
Project("{FAE04EC0-301F-11D3-BF4B-00C04F79EFBC}") = "Employee351.Services", "Employee351.Services\Employee351.Services.csproj", "{B054726C-ECF1-4371-B546-EE66C82E6D78}"
EndProject
Global
	GlobalSection(SolutionConfigurationPlatforms) = preSolution
		Debug|Any CPU = Debug|Any CPU
		Release|Any CPU = Release|Any CPU
	EndGlobalSection
	GlobalSection(ProjectConfigurationPlatforms) = postSolution
		{47AD53D9-8462-4977-A480-651BF54BD71B}.Debug|Any CPU.ActiveCfg = Debug|Any CPU
		{47AD53D9-8462-4977-A480-651BF54BD71B}.Debug|Any CPU.Build.0 = Debug|Any CPU
		{47AD53D9-8462-4977-A480-651BF54BD71B}.Release|Any CPU.ActiveCfg = Release|Any CPU
		{47AD53D9-8462-4977-A480-651BF54BD71B}.Release|Any CPU.Build.0 = Release|Any CPU
		{9BBABB81-E8DA-47C0-8721-1368CE728128}.Debug|Any CPU.ActiveCfg = Debug|Any CPU
		{9BBABB81-E8DA-47C0-8721-1368CE728128}.Debug|Any CPU.Build.0 = Debug|Any CPU
		{9BBABB81-E8DA-47C0-8721-1368CE728128}.Release|Any CPU.ActiveCfg = Release|Any CPU
		{9BBABB81-E8DA-47C0-8721-1368CE728128}.Release|Any CPU.Build.0 = Release|Any CPU
		{C46E8DD9-505A-4FA0-9157-912573479964}.Debug|Any CPU.ActiveCfg = Debug|Any CPU
		{C46E8DD9-505A-4FA0-9157-912573479964}.Debug|Any CPU.Build.0 = Debug|Any CPU
		{C46E8DD9-505A-4FA0-9157-912573479964}.Release|Any CPU.ActiveCfg = Release|Any CPU
		{C46E8DD9-505A-4FA0-9157-912573479964}.Release|Any CPU.Build.0 = Release|Any CPU
		{E3795642-C953-4223-ADBD-86272CDCD8F5}.Debug|Any CPU.ActiveCfg = Debug|Any CPU
		{E3795642-C953-4223-ADBD-86272CDCD8F5}.Debug|Any CPU.Build.0 = Debug|Any CPU
		{E3795642-C953-4223-ADBD-86272CDCD8F5}.Release|Any CPU.ActiveCfg = Release|Any CPU
		{E3795642-C953-4223-ADBD-86272CDCD8F5}.Release|Any CPU.Build.0 = Release|Any CPU
		{B054726C-ECF1-4371-B546-EE66C82E6D78}.Debug|Any CPU.ActiveCfg = Debug|Any CPU
		{B054726C-ECF1-4371-B546-EE66C82E6D78}.Debug|Any CPU.Build.0 = Debug|Any CPU
		{B054726C-ECF1-4371-B546-EE66C82E6D78}.Release|Any CPU.ActiveCfg = Release|Any CPU
		{B054726C-ECF1-4371-B546-EE66C82E6D78}.Release|Any CPU.Build.0 = Release|Any CPU
	EndGlobalSection
	GlobalSection(SolutionProperties) = preSolution
		HideSolutionNode = FALSE
	EndGlobalSection
	GlobalSection(ExtensibilityGlobals) = postSolution
		SolutionGuid = {C9243D6B-583F-4419-B110-1358B28484C7}
	EndGlobalSection
EndGlobal
